
Microsoft Visual Studio Solution File, Format Version 12.00
# Visual Studio Version 17
VisualStudioVersion = 17.9.34714.143
MinimumVisualStudioVersion = 10.0.40219.1
Project("{FAE04EC0-301F-11D3-BF4B-00C04F79EFBC}") = "WindowsFormsApp1", "WindowsFormsApp1\WindowsFormsApp1.csproj", "{B93E29A2-A5E0-48D6-9C3F-0F32F1516D82}"
EndProject
Global
	GlobalSection(SolutionConfigurationPlatforms) = preSolution
		Debug|Any CPU = Debug|Any CPU
		Release|Any CPU = Release|Any CPU
	EndGlobalSection
	GlobalSection(ProjectConfigurationPlatforms) = postSolution
		{B93E29A2-A5E0-48D6-9C3F-0F32F1516D82}.Debug|Any CPU.ActiveCfg = Debug|Any CPU
		{B93E29A2-A5E0-48D6-9C3F-0F32F1516D82}.Debug|Any CPU.Build.0 = Debug|Any CPU
		{B93E29A2-A5E0-48D6-9C3F-0F32F1516D82}.Release|Any CPU.ActiveCfg = Release|Any CPU
		{B93E29A2-A5E0-48D6-9C3F-0F32F1516D82}.Release|Any CPU.Build.0 = Release|Any CPU
	EndGlobalSection
	GlobalSection(SolutionProperties) = preSolution
		HideSolutionNode = FALSE
	EndGlobalSection
	GlobalSection(ExtensibilityGlobals) = postSolution
		SolutionGuid = {220D67EF-4577-41D9-B412-FBE40268DD49}
	EndGlobalSection
EndGlobal
